
Microsoft Visual Studio Solution File, Format Version 12.00
# Visual Studio 2015
Project("{FAE04EC0-301F-11D3-BF4B-00C04F79EFBC}") = "ApkClient", "ApkClient.csproj", "{0652C54E-C25B-5752-3C81-78E8EBDF1796}"
EndProject
Project("{FAE04EC0-301F-11D3-BF4B-00C04F79EFBC}") = "ApkClient.Editor", "ApkClient.Editor.csproj", "{DEACBA9F-D6FF-A3B6-0460-2BB0E569AF27}"
EndProject
Global
	GlobalSection(SolutionConfigurationPlatforms) = preSolution
		Debug|Any CPU = Debug|Any CPU
		Release|Any CPU = Release|Any CPU
	EndGlobalSection
	GlobalSection(ProjectConfigurationPlatforms) = postSolution
		{0652C54E-C25B-5752-3C81-78E8EBDF1796}.Debug|Any CPU.ActiveCfg = Debug|Any CPU
		{0652C54E-C25B-5752-3C81-78E8EBDF1796}.Debug|Any CPU.Build.0 = Debug|Any CPU
		{0652C54E-C25B-5752-3C81-78E8EBDF1796}.Release|Any CPU.ActiveCfg = Release|Any CPU
		{0652C54E-C25B-5752-3C81-78E8EBDF1796}.Release|Any CPU.Build.0 = Release|Any CPU
		{DEACBA9F-D6FF-A3B6-0460-2BB0E569AF27}.Debug|Any CPU.ActiveCfg = Debug|Any CPU
		{DEACBA9F-D6FF-A3B6-0460-2BB0E569AF27}.Debug|Any CPU.Build.0 = Debug|Any CPU
		{DEACBA9F-D6FF-A3B6-0460-2BB0E569AF27}.Release|Any CPU.ActiveCfg = Release|Any CPU
		{DEACBA9F-D6FF-A3B6-0460-2BB0E569AF27}.Release|Any CPU.Build.0 = Release|Any CPU
	EndGlobalSection
	GlobalSection(SolutionProperties) = preSolution
		HideSolutionNode = FALSE
	EndGlobalSection
EndGlobal
